Microsoft Visual Studio Solution File, Format Version 12.00
# Visual Studio 2013
VisualStudioVersion = 12.0.31101.0
MinimumVisualStudioVersion = 10.0.40219.1
Project("{FAE04EC0-301F-11D3-BF4B-00C04F79EFBC}") = "KSPDIGT.Client.Proc.Adm", "KSPDIGT.Client.Proc.Adm\KSPDIGT.Client.Proc.Adm.csproj", "{E80B8AC9-A128-4D69-8C4B-4AB12CB7EA1D}"
EndProject
Project("{FAE04EC0-301F-11D3-BF4B-00C04F79EFBC}") = "KSPDIGT.Base.Common", "KSPDIGT.Base.Common\KSPDIGT.Base.Common.csproj", "{B64AFE83-045B-4F8A-913C-D5AA2704640D}"
EndProject
Project("{FAE04EC0-301F-11D3-BF4B-00C04F79EFBC}") = "KSPDIGT.Base.UI", "KSPDIGT.Base.UI\KSPDIGT.Base.UI.csproj", "{FE6D3B2C-EDFB-4143-B4CF-BC5ED3B82362}"
EndProject
Project("{FAE04EC0-301F-11D3-BF4B-00C04F79EFBC}") = "KSPDIGT.ArcGIS.Core", "KSPDIGT.ArcGIS.Core\KSPDIGT.ArcGIS.Core.csproj", "{2AFECBAE-C343-4D37-B5B6-539738AF7129}"
EndProject
Project("{FAE04EC0-301F-11D3-BF4B-00C04F79EFBC}") = "KSPDIGT.Client.Engine.ArcGIS", "KSPDIGT.Client.Engine.ArcGIS\KSPDIGT.Client.Engine.ArcGIS.csproj", "{BA9505D3-6A0C-4F6E-ADF3-753782367F4C}"
EndProject
Project("{2150E333-8FDC-42A3-9474-1A3956D46DE8}") = "Solution Items", "Solution Items", "{715E3CD4-4F8F-4340-A8EF-2F38890FEED5}"
EndProject
Project("{FAE04EC0-301F-11D3-BF4B-00C04F79EFBC}") = "KSPDIGT.Base.DataContracts", "KSPDIGT.Base.DataContracts\KSPDIGT.Base.DataContracts.csproj", "{4ABE9F10-671E-4E25-9BA4-A62E19230E5D}"
EndProject
Project("{FAE04EC0-301F-11D3-BF4B-00C04F79EFBC}") = "KSPDIGT.Server", "KSPDIGT.Server\KSPDIGT.Server.csproj", "{70A971A6-5353-47E1-96BB-2D7A63FC36D5}"
EndProject
Project("{FAE04EC0-301F-11D3-BF4B-00C04F79EFBC}") = "KSPDIGT.Client.Engine.DRM", "KSPDIGT.Client.Engine.DRM\KSPDIGT.Client.Engine.DRM.csproj", "{571DA16B-3CF8-4F22-90B1-46B836C245A9}"
EndProject
Project("{2150E333-8FDC-42A3-9474-1A3956D46DE8}") = "SolutionFiles", "SolutionFiles", "{9D464AC1-5204-4387-9E6C-03C0485FA891}"
	ProjectSection(SolutionItems) = preProject
		ProjList.txt = ProjList.txt
	EndProjectSection
EndProject
Project("{2150E333-8FDC-42A3-9474-1A3956D46DE8}") = "BatchFiles", "BatchFiles", "{879BBBCF-F249-4355-B65A-28249CFFD672}"
	ProjectSection(SolutionItems) = preProject
		SolutionFiles\BatchFiles\build_kspd.cmd = SolutionFiles\BatchFiles\build_kspd.cmd
		SolutionFiles\BatchFiles\build_kspd_excluded_files.txt = SolutionFiles\BatchFiles\build_kspd_excluded_files.txt
		SolutionFiles\BatchFiles\copy_documents.cmd = SolutionFiles\BatchFiles\copy_documents.cmd
		SolutionFiles\BatchFiles\empty_licx.cmd = SolutionFiles\BatchFiles\empty_licx.cmd
		SolutionFiles\BatchFiles\extract_version.cmd = SolutionFiles\BatchFiles\extract_version.cmd
		SolutionFiles\BatchFiles\prepare_client.cmd = SolutionFiles\BatchFiles\prepare_client.cmd
		SolutionFiles\BatchFiles\prepare_FlcChecker.cmd = SolutionFiles\BatchFiles\prepare_FlcChecker.cmd
		SolutionFiles\BatchFiles\prepare_license.cmd = SolutionFiles\BatchFiles\prepare_license.cmd
		SolutionFiles\BatchFiles\prepare_server.cmd = SolutionFiles\BatchFiles\prepare_server.cmd
	EndProjectSection
EndProject
Project("{2150E333-8FDC-42A3-9474-1A3956D46DE8}") = "ServerSettings", "ServerSettings", "{3C2697DF-3E41-44B4-8665-84BE94785EB2}"
	ProjectSection(SolutionItems) = preProject
		SolutionFiles\ServerSettings\KSPDIGT.Server.config = SolutionFiles\ServerSettings\KSPDIGT.Server.config
		SolutionFiles\ServerSettings\SpecificationsScheme.xsd = SolutionFiles\ServerSettings\SpecificationsScheme.xsd
	EndProjectSection
EndProject
Project("{2150E333-8FDC-42A3-9474-1A3956D46DE8}") = "ClientSettings", "ClientSettings", "{E30EA59E-3863-47AE-8064-F3E8B4A6481B}"
	ProjectSection(SolutionItems) = preProject
		SolutionFiles\ClientSettings\KSPDIGT.Client.Client.config = SolutionFiles\ClientSettings\KSPDIGT.Client.Client.config
	EndProjectSection
EndProject
Project("{FAE04EC0-301F-11D3-BF4B-00C04F79EFBC}") = "Intech.Common", "INTECH.Common\Intech.Common.csproj", "{D977C536-FE1F-431D-A17F-C358BF874DC2}"
EndProject
Project("{FAE04EC0-301F-11D3-BF4B-00C04F79EFBC}") = "Intech.Common.Controls", "INTECH.Common.Controls\Intech.Common.Controls.csproj", "{67B0A02A-E742-4ED8-8824-60CBE5F06B62}"
EndProject
Project("{FAE04EC0-301F-11D3-BF4B-00C04F79EFBC}") = "Intech.Common.DevX", "INTECH.Common.DevX\Intech.Common.DevX.csproj", "{8120B478-19ED-419D-9130-DFCB25F4840A}"
EndProject
Project("{FAE04EC0-301F-11D3-BF4B-00C04F79EFBC}") = "Intech.Common.Windows", "Intech.Common.Windows\Intech.Common.Windows.csproj", "{6E0F6D80-5C47-43E2-B09A-D71CC748FBD7}"
EndProject
Project("{FAE04EC0-301F-11D3-BF4B-00C04F79EFBC}") = "KSPDIGT.Server.Manager", "KSPDIGT.Server.Manager\KSPDIGT.Server.Manager.csproj", "{548F7935-39FF-408C-BA06-36834A9B20C4}"
EndProject
Project("{FAE04EC0-301F-11D3-BF4B-00C04F79EFBC}") = "KSPDIGT.Server.Service", "KSPDIGT.Server.Service\KSPDIGT.Server.Service.csproj", "{C50C7A5B-4F78-4B6F-BA11-9F03960002A2}"
EndProject
Project("{FAE04EC0-301F-11D3-BF4B-00C04F79EFBC}") = "KSPDIGT.Client.Resources", "KSPDIGT.Client.Resources\KSPDIGT.Client.Resources.csproj", "{9683E2B7-FB8D-4A4D-BE7A-B259C33F05DE}"
EndProject
Project("{FAE04EC0-301F-11D3-BF4B-00C04F79EFBC}") = "KSPDIGT.ArcGIS.Loader", "KSPDIGT.ArcGIS.Loader\KSPDIGT.ArcGIS.Loader.csproj", "{3A4FD088-490E-4263-85CC-858536695200}"
EndProject
Project("{FAE04EC0-301F-11D3-BF4B-00C04F79EFBC}") = "KSPDIGT.Utils", "KSPDIGT.Utils\KSPDIGT.Utils.csproj", "{F4CC7A8B-1DD3-44E1-B31D-5B316B1CFE6F}"
EndProject
Project("{FAE04EC0-301F-11D3-BF4B-00C04F79EFBC}") = "KSPDIGT.IL.ServiceContracts.Update", "KSPDIGT.IL.ServiceContracts.Update\KSPDIGT.IL.ServiceContracts.Update.csproj", "{821CB87E-F246-45C0-9D74-8EBCC43F024E}"
EndProject
Project("{FAE04EC0-301F-11D3-BF4B-00C04F79EFBC}") = "KSPDIGT.Update.TestService", "KSPDIGT.Update.TestService\KSPDIGT.Update.TestService.csproj", "{B3D7CB12-FC53-4A00-9749-28B09943E250}"
EndProject
Project("{FAE04EC0-301F-11D3-BF4B-00C04F79EFBC}") = "KSPDIGT.Update.Service", "KSPDIGT.Update.Service\KSPDIGT.Update.Service.csproj", "{9A62E1C6-6D8B-4FA1-85D0-5420556CF142}"
EndProject
Project("{FAE04EC0-301F-11D3-BF4B-00C04F79EFBC}") = "KSPDIGT.Update.Updater", "KSPDIGT.Update.Updater\KSPDIGT.Update.Updater.csproj", "{52993647-6616-4511-B608-4C5DCF8E12BF}"
EndProject
Project("{FAE04EC0-301F-11D3-BF4B-00C04F79EFBC}") = "KSPDIGT.Update.WinService", "KSPDIGT.Update.WinService\KSPDIGT.Update.WinService.csproj", "{00484447-B18D-43C2-87EE-B924F1EB18C8}"
EndProject
Project("{FAE04EC0-301F-11D3-BF4B-00C04F79EFBC}") = "KSPDIGT.WssLinks", "KSPDIGT.WssLinks\KSPDIGT.WssLinks.csproj", "{21DFAEB1-7331-432E-A692-1D605F81DB48}"
EndProject
Project("{FAE04EC0-301F-11D3-BF4B-00C04F79EFBC}") = "KSPDIGT.Client.Proc.DatumMark", "KSPDIGT.Client.Proc.DatumMark\KSPDIGT.Client.Proc.DatumMark.csproj", "{142DE043-37DA-46F8-9474-845EA4425148}"
EndProject
Project("{FAE04EC0-301F-11D3-BF4B-00C04F79EFBC}") = "KSPDIGT.ArcGIS.UI", "KSPDIGT.ArcGIS.UI\KSPDIGT.ArcGIS.UI.csproj", "{056C21B8-8998-4949-A984-DFC2053B60C5}"
EndProject
Project("{FAE04EC0-301F-11D3-BF4B-00C04F79EFBC}") = "KSPDIGT.PointCloud", "KSPDIGT.PointCloud\KSPDIGT.PointCloud.csproj", "{33770CED-9B41-4ED2-BEDC-46011D506CF5}"
EndProject
Project("{FAE04EC0-301F-11D3-BF4B-00C04F79EFBC}") = "KSPDIGT.Base.UI.Gis", "KSPDIGT.Base.UI.Gis\KSPDIGT.Base.UI.Gis.csproj", "{2B452A8C-20AE-4941-933A-CBFA0678979E}"
EndProject
Project("{2150E333-8FDC-42A3-9474-1A3956D46DE8}") = "CommonFiles", "CommonFiles", "{CFDA9996-E691-45C3-9243-0A624DE7E0C4}"
	ProjectSection(SolutionItems) = preProject
		SolutionFiles\CommonFiles\160620_Symbol_CSSD_RWI_v2.ttf = SolutionFiles\CommonFiles\160620_Symbol_CSSD_RWI_v2.ttf
		SolutionFiles\CommonFiles\GOST_A.TTF = SolutionFiles\CommonFiles\GOST_A.TTF
	EndProjectSection
EndProject
Project("{FAE04EC0-301F-11D3-BF4B-00C04F79EFBC}") = "KSPDIGT.Base.Algorithms", "KSPDIGT.Base.Algorithms\KSPDIGT.Base.Algorithms.csproj", "{1F06A782-AE33-4244-B3E3-6AE00252C1BF}"
EndProject
Project("{FAE04EC0-301F-11D3-BF4B-00C04F79EFBC}") = "KSPDIGT.Server.Common", "KSPDIGT.Server.Common\KSPDIGT.Server.Common.csproj", "{6DF1D1C9-65CC-4664-8256-D765ED667097}"
EndProject
Project("{FAE04EC0-301F-11D3-BF4B-00C04F79EFBC}") = "KSPDIGT.License", "KSPDIGT.License\KSPDIGT.License.csproj", "{0A856BF5-A039-4BE3-A17B-525841B7CB48}"
EndProject
Project("{FAE04EC0-301F-11D3-BF4B-00C04F79EFBC}") = "KSPDIGT.License.Service", "KSPDIGT.License.Service\KSPDIGT.License.Service.csproj", "{80F0B999-5581-466B-AA6F-023B060B9E6A}"
EndProject
Project("{FAE04EC0-301F-11D3-BF4B-00C04F79EFBC}") = "KSPDIGT.Client.Tests", "KSPDIGT.Client.Tests\KSPDIGT.Client.Tests.csproj", "{E92AC39A-50E2-4C79-A4DC-BFC04280A54B}"
EndProject
Project("{FAE04EC0-301F-11D3-BF4B-00C04F79EFBC}") = "KSPDIGT.FLC.Checker", "KSPDIGT.FLC.Checker\KSPDIGT.FLC.Checker.csproj", "{577CF53D-25A9-4085-B6E6-014BABEA2034}"
EndProject
Project("{FAE04EC0-301F-11D3-BF4B-00C04F79EFBC}") = "KSPDIGT.PointCloudServer.Service", "KSPDIGT.PointCloudServer.Service\KSPDIGT.PointCloudServer.Service.csproj", "{4AF3CBE5-33D2-463C-A467-D54B4EEC9C6A}"
EndProject
Project("{FAE04EC0-301F-11D3-BF4B-00C04F79EFBC}") = "KSPDIGT.ArcGIS.Utils", "KSPDIGT.ArcGIS.Utils\KSPDIGT.ArcGIS.Utils.csproj", "{F4CC7A8B-1DD3-44E1-BDDD-51234B1CFE6F}"
EndProject
Project("{FAE04EC0-301F-11D3-BF4B-00C04F79EFBC}") = "KSPDIGT.FLC.Common", "KSPDIGT.FLC.DefaultCheckers\KSPDIGT.FLC.Common\KSPDIGT.FLC.Common.csproj", "{368F02EA-0C8A-4779-A15D-DBBED9F490B2}"
EndProject
Project("{2150E333-8FDC-42A3-9474-1A3956D46DE8}") = "Tier3.Client Side", "Tier3.Client Side", "{35C80DE3-ED8B-4C8E-A265-9561D4D026FA}"
EndProject
Project("{2150E333-8FDC-42A3-9474-1A3956D46DE8}") = "Tier2.Server Side", "Tier2.Server Side", "{4B7C8C54-8918-48C9-9091-ABB829894EC5}"
EndProject
Project("{2150E333-8FDC-42A3-9474-1A3956D46DE8}") = "Tier1.Common", "Tier1.Common", "{B1BADED0-F061-47B4-9272-4BFB6F636573}"
EndProject
Project("{2150E333-8FDC-42A3-9474-1A3956D46DE8}") = "Tier4.Utils", "Tier4.Utils", "{576B7CC5-7CFE-423F-AC54-1B0793D7F562}"
EndProject
Project("{2150E333-8FDC-42A3-9474-1A3956D46DE8}") = "2.AppServer", "2.AppServer", "{F146F1F8-691C-4E95-8612-B28C4CF09E56}"
	ProjectSection(SolutionItems) = preProject
		TierAppServer.cs = TierAppServer.cs
	EndProjectSection
EndProject
Project("{2150E333-8FDC-42A3-9474-1A3956D46DE8}") = "4.LicenseServer", "4.LicenseServer", "{444521A3-231C-4CDB-842C-666F239DC19B}"
	ProjectSection(SolutionItems) = preProject
		TierLicenseServer.cs = TierLicenseServer.cs
	EndProjectSection
EndProject
Project("{2150E333-8FDC-42A3-9474-1A3956D46DE8}") = "3.PointCloudServer", "3.PointCloudServer", "{D522AE8F-84AB-47A5-9136-1C954052108D}"
	ProjectSection(SolutionItems) = preProject
		TierPointCloudServer.cs = TierPointCloudServer.cs
	EndProjectSection
EndProject
Project("{2150E333-8FDC-42A3-9474-1A3956D46DE8}") = "1.Common", "1.Common", "{ACEF954E-11FA-417F-9BCC-5BFD5EAB725E}"
EndProject
Project("{2150E333-8FDC-42A3-9474-1A3956D46DE8}") = "1.Client", "1.Client", "{5D840BF1-479F-4DF6-A300-D3A5B3042194}"
	ProjectSection(SolutionItems) = preProject
		TierClient.cs = TierClient.cs
	EndProjectSection
EndProject
Project("{2150E333-8FDC-42A3-9474-1A3956D46DE8}") = "2.Update", "2.Update", "{2C5BA1D8-D1EC-492E-9E71-17FB2D41C93D}"
EndProject
Project("{FAE04EC0-301F-11D3-BF4B-00C04F79EFBC}") = "KSPDIGT.IRDDI.Client", "KSPDIGT.IRDDI.Client\KSPDIGT.IRDDI.Client.csproj", "{F32FF7EC-E1A3-405F-8FAE-DDCC41A4EC3B}"
EndProject
Project("{FAE04EC0-301F-11D3-BF4B-00C04F79EFBC}") = "KSPDIGT.Base.Track", "KSPDIGT.Base.Track\KSPDIGT.Base.Track.csproj", "{B4424462-9FA9-41F0-AE22-2D6614E48253}"
EndProject
Project("{FAE04EC0-301F-11D3-BF4B-00C04F79EFBC}") = "KSPDIGT.Base.UI.ThinMap", "KSPDIGT.Base.UI.ThinMap\KSPDIGT.Base.UI.ThinMap.csproj", "{270BC799-51C9-4D41-8B84-7CA16F3BE2F6}"
EndProject
Project("{FAE04EC0-301F-11D3-BF4B-00C04F79EFBC}") = "KSPDIGT.Client.Engine", "KSPDIGT.Client.Engine\KSPDIGT.Client.Engine.csproj", "{583DFF91-763D-42D2-A1A9-4FCA04AFB3C6}"
EndProject
Project("{FAE04EC0-301F-11D3-BF4B-00C04F79EFBC}") = "KSPDIGT.IL.ServiceContracts", "KSPDIGT.IL.ServiceContracts\KSPDIGT.IL.ServiceContracts.csproj", "{0C89CC33-21D1-48DF-A043-D2437B7701E2}"
EndProject
Project("{2150E333-8FDC-42A3-9474-1A3956D46DE8}") = "1.Base", "1.Base", "{CBB71BF9-AD5D-4B93-B1AF-F1727CF7F9D8}"
EndProject
Project("{2150E333-8FDC-42A3-9474-1A3956D46DE8}") = "2.DataLayer", "2.DataLayer", "{03FDB259-A853-48F1-9131-3197278E07A0}"
EndProject
Project("{2150E333-8FDC-42A3-9474-1A3956D46DE8}") = "3.InteractionLayer", "3.InteractionLayer", "{06C92B2C-7BE5-48CD-B2F7-239CD49774D6}"
EndProject
Project("{2150E333-8FDC-42A3-9474-1A3956D46DE8}") = "Intech", "Intech", "{51247682-63E6-444B-931E-4F259CE03C11}"
EndProject
Project("{FAE04EC0-301F-11D3-BF4B-00C04F79EFBC}") = "KSPDIGT.ArcGIS.GuardMCreator", "KSPDIGT.ArcGIS.GuardMCreator\KSPDIGT.ArcGIS.GuardMCreator.csproj", "{8E9DDFD4-18DE-4C3E-8A5C-BAD30775B59F}"
EndProject
Project("{FAE04EC0-301F-11D3-BF4B-00C04F79EFBC}") = "KSPDIGT.Client.Engine.ThinMap", "KSPDIGT.Client.ThinMap.Engine\KSPDIGT.Client.Engine.ThinMap.csproj", "{D106D961-DCE7-4680-8D8C-E67BF52BB522}"
EndProject
Project("{FAE04EC0-301F-11D3-BF4B-00C04F79EFBC}") = "KSPDIGT.IL.Geo", "KSPDIGT.IL.Geo\KSPDIGT.IL.Geo.csproj", "{0EAA9AF9-61E5-4869-B8A1-248994DBBD54}"
EndProject
Project("{2150E333-8FDC-42A3-9474-1A3956D46DE8}") = "UI", "UI", "{44D75D2D-FAB8-4B18-8A5D-784F28CF32B5}"
EndProject
Project("{2150E333-8FDC-42A3-9474-1A3956D46DE8}") = "End Point Modules", "End Point Modules", "{F53C7875-663E-4F38-B47A-EB851C917348}"
EndProject
Project("{2150E333-8FDC-42A3-9474-1A3956D46DE8}") = "Engines", "Engines", "{61736360-ABD9-4EAB-9F51-D6CBE295538B}"
EndProject
Project("{FAE04EC0-301F-11D3-BF4B-00C04F79EFBC}") = "KSPDIGT.Client.Proc.Common", "KSPDIGT.Client.Proc.Common\KSPDIGT.Client.Proc.Common.csproj", "{21BC19E8-7E31-43B0-8018-1CA159499C0A}"
EndProject
Project("{FAE04EC0-301F-11D3-BF4B-00C04F79EFBC}") = "KSPDIGT.Client.Proc.Main", "KSPDIGT.Client.Proc.Main\KSPDIGT.Client.Proc.Main.csproj", "{BD63388C-CEE6-4BB0-A515-4A5A660E944F}"
EndProject
Global
	GlobalSection(SubversionScc) = preSolution
		Svn-Managed = True
		Manager = AnkhSVN - Subversion Support for Visual Studio
	EndGlobalSection
	GlobalSection(SolutionConfigurationPlatforms) = preSolution
		Debug|AnyCPU = Debug|AnyCPU
		Release|AnyCPU = Release|AnyCPU
	EndGlobalSection
	GlobalSection(ProjectConfigurationPlatforms) = postSolution
		{E80B8AC9-A128-4D69-8C4B-4AB12CB7EA1D}.Debug|AnyCPU.ActiveCfg = Debug|x86
		{E80B8AC9-A128-4D69-8C4B-4AB12CB7EA1D}.Debug|AnyCPU.Build.0 = Debug|x86
		{E80B8AC9-A128-4D69-8C4B-4AB12CB7EA1D}.Release|AnyCPU.ActiveCfg = Release|x86
		{E80B8AC9-A128-4D69-8C4B-4AB12CB7EA1D}.Release|AnyCPU.Build.0 = Release|x86
		{B64AFE83-045B-4F8A-913C-D5AA2704640D}.Debug|AnyCPU.ActiveCfg = Debug|Any CPU
		{B64AFE83-045B-4F8A-913C-D5AA2704640D}.Debug|AnyCPU.Build.0 = Debug|Any CPU
		{B64AFE83-045B-4F8A-913C-D5AA2704640D}.Release|AnyCPU.ActiveCfg = Release|Any CPU
		{B64AFE83-045B-4F8A-913C-D5AA2704640D}.Release|AnyCPU.Build.0 = Release|Any CPU
		{FE6D3B2C-EDFB-4143-B4CF-BC5ED3B82362}.Debug|AnyCPU.ActiveCfg = Debug|Any CPU
		{FE6D3B2C-EDFB-4143-B4CF-BC5ED3B82362}.Debug|AnyCPU.Build.0 = Debug|Any CPU
		{FE6D3B2C-EDFB-4143-B4CF-BC5ED3B82362}.Release|AnyCPU.ActiveCfg = Release|Any CPU
		{FE6D3B2C-EDFB-4143-B4CF-BC5ED3B82362}.Release|AnyCPU.Build.0 = Release|Any CPU
		{2AFECBAE-C343-4D37-B5B6-539738AF7129}.Debug|AnyCPU.ActiveCfg = Debug|x86
		{2AFECBAE-C343-4D37-B5B6-539738AF7129}.Debug|AnyCPU.Build.0 = Debug|x86
		{2AFECBAE-C343-4D37-B5B6-539738AF7129}.Release|AnyCPU.ActiveCfg = Release|x86
		{2AFECBAE-C343-4D37-B5B6-539738AF7129}.Release|AnyCPU.Build.0 = Release|x86
		{BA9505D3-6A0C-4F6E-ADF3-753782367F4C}.Debug|AnyCPU.ActiveCfg = Debug|x86
		{BA9505D3-6A0C-4F6E-ADF3-753782367F4C}.Debug|AnyCPU.Build.0 = Debug|x86
		{BA9505D3-6A0C-4F6E-ADF3-753782367F4C}.Release|AnyCPU.ActiveCfg = Release|x86
		{BA9505D3-6A0C-4F6E-ADF3-753782367F4C}.Release|AnyCPU.Build.0 = Release|x86
		{4ABE9F10-671E-4E25-9BA4-A62E19230E5D}.Debug|AnyCPU.ActiveCfg = Debug|Any CPU
		{4ABE9F10-671E-4E25-9BA4-A62E19230E5D}.Debug|AnyCPU.Build.0 = Debug|Any CPU
		{4ABE9F10-671E-4E25-9BA4-A62E19230E5D}.Release|AnyCPU.ActiveCfg = Release|Any CPU
		{4ABE9F10-671E-4E25-9BA4-A62E19230E5D}.Release|AnyCPU.Build.0 = Release|Any CPU
		{70A971A6-5353-47E1-96BB-2D7A63FC36D5}.Debug|AnyCPU.ActiveCfg = Debug|x86
		{70A971A6-5353-47E1-96BB-2D7A63FC36D5}.Debug|AnyCPU.Build.0 = Debug|x86
		{70A971A6-5353-47E1-96BB-2D7A63FC36D5}.Release|AnyCPU.ActiveCfg = Release|x86
		{70A971A6-5353-47E1-96BB-2D7A63FC36D5}.Release|AnyCPU.Build.0 = Release|x86
		{571DA16B-3CF8-4F22-90B1-46B836C245A9}.Debug|AnyCPU.ActiveCfg = Debug|Any CPU
		{571DA16B-3CF8-4F22-90B1-46B836C245A9}.Debug|AnyCPU.Build.0 = Debug|Any CPU
		{571DA16B-3CF8-4F22-90B1-46B836C245A9}.Release|AnyCPU.ActiveCfg = Release|Any CPU
		{571DA16B-3CF8-4F22-90B1-46B836C245A9}.Release|AnyCPU.Build.0 = Release|Any CPU
		{D977C536-FE1F-431D-A17F-C358BF874DC2}.Debug|AnyCPU.ActiveCfg = Debug|Any CPU
		{D977C536-FE1F-431D-A17F-C358BF874DC2}.Debug|AnyCPU.Build.0 = Debug|Any CPU
		{D977C536-FE1F-431D-A17F-C358BF874DC2}.Release|AnyCPU.ActiveCfg = Release|Any CPU
		{D977C536-FE1F-431D-A17F-C358BF874DC2}.Release|AnyCPU.Build.0 = Release|Any CPU
		{67B0A02A-E742-4ED8-8824-60CBE5F06B62}.Debug|AnyCPU.ActiveCfg = Debug|Any CPU
		{67B0A02A-E742-4ED8-8824-60CBE5F06B62}.Debug|AnyCPU.Build.0 = Debug|Any CPU
		{67B0A02A-E742-4ED8-8824-60CBE5F06B62}.Release|AnyCPU.ActiveCfg = Release|Any CPU
		{67B0A02A-E742-4ED8-8824-60CBE5F06B62}.Release|AnyCPU.Build.0 = Release|Any CPU
		{8120B478-19ED-419D-9130-DFCB25F4840A}.Debug|AnyCPU.ActiveCfg = Debug|Any CPU
		{8120B478-19ED-419D-9130-DFCB25F4840A}.Debug|AnyCPU.Build.0 = Debug|Any CPU
		{8120B478-19ED-419D-9130-DFCB25F4840A}.Release|AnyCPU.ActiveCfg = Release|Any CPU
		{8120B478-19ED-419D-9130-DFCB25F4840A}.Release|AnyCPU.Build.0 = Release|Any CPU
		{6E0F6D80-5C47-43E2-B09A-D71CC748FBD7}.Debug|AnyCPU.ActiveCfg = Debug|Any CPU
		{6E0F6D80-5C47-43E2-B09A-D71CC748FBD7}.Debug|AnyCPU.Build.0 = Debug|Any CPU
		{6E0F6D80-5C47-43E2-B09A-D71CC748FBD7}.Release|AnyCPU.ActiveCfg = Release|Any CPU
		{6E0F6D80-5C47-43E2-B09A-D71CC748FBD7}.Release|AnyCPU.Build.0 = Release|Any CPU
		{548F7935-39FF-408C-BA06-36834A9B20C4}.Debug|AnyCPU.ActiveCfg = Debug|x86
		{548F7935-39FF-408C-BA06-36834A9B20C4}.Debug|AnyCPU.Build.0 = Debug|x86
		{548F7935-39FF-408C-BA06-36834A9B20C4}.Release|AnyCPU.ActiveCfg = Release|x86
		{548F7935-39FF-408C-BA06-36834A9B20C4}.Release|AnyCPU.Build.0 = Release|x86
		{C50C7A5B-4F78-4B6F-BA11-9F03960002A2}.Debug|AnyCPU.ActiveCfg = Debug|x86
		{C50C7A5B-4F78-4B6F-BA11-9F03960002A2}.Debug|AnyCPU.Build.0 = Debug|x86
		{C50C7A5B-4F78-4B6F-BA11-9F03960002A2}.Release|AnyCPU.ActiveCfg = Release|x86
		{C50C7A5B-4F78-4B6F-BA11-9F03960002A2}.Release|AnyCPU.Build.0 = Release|x86
		{9683E2B7-FB8D-4A4D-BE7A-B259C33F05DE}.Debug|AnyCPU.ActiveCfg = Debug|Any CPU
		{9683E2B7-FB8D-4A4D-BE7A-B259C33F05DE}.Debug|AnyCPU.Build.0 = Debug|Any CPU
		{9683E2B7-FB8D-4A4D-BE7A-B259C33F05DE}.Release|AnyCPU.ActiveCfg = Release|Any CPU
		{9683E2B7-FB8D-4A4D-BE7A-B259C33F05DE}.Release|AnyCPU.Build.0 = Release|Any CPU
		{3A4FD088-490E-4263-85CC-858536695200}.Debug|AnyCPU.ActiveCfg = Debug|x86
		{3A4FD088-490E-4263-85CC-858536695200}.Debug|AnyCPU.Build.0 = Debug|x86
		{3A4FD088-490E-4263-85CC-858536695200}.Release|AnyCPU.ActiveCfg = Release|x86
		{3A4FD088-490E-4263-85CC-858536695200}.Release|AnyCPU.Build.0 = Release|x86
		{F4CC7A8B-1DD3-44E1-B31D-5B316B1CFE6F}.Debug|AnyCPU.ActiveCfg = Debug|Any CPU
		{F4CC7A8B-1DD3-44E1-B31D-5B316B1CFE6F}.Debug|AnyCPU.Build.0 = Debug|Any CPU
		{F4CC7A8B-1DD3-44E1-B31D-5B316B1CFE6F}.Release|AnyCPU.ActiveCfg = Release|Any CPU
		{F4CC7A8B-1DD3-44E1-B31D-5B316B1CFE6F}.Release|AnyCPU.Build.0 = Release|Any CPU
		{821CB87E-F246-45C0-9D74-8EBCC43F024E}.Debug|AnyCPU.ActiveCfg = Debug|Any CPU
		{821CB87E-F246-45C0-9D74-8EBCC43F024E}.Debug|AnyCPU.Build.0 = Debug|Any CPU
		{821CB87E-F246-45C0-9D74-8EBCC43F024E}.Release|AnyCPU.ActiveCfg = Release|Any CPU
		{821CB87E-F246-45C0-9D74-8EBCC43F024E}.Release|AnyCPU.Build.0 = Release|Any CPU
		{B3D7CB12-FC53-4A00-9749-28B09943E250}.Debug|AnyCPU.ActiveCfg = Debug|Any CPU
		{B3D7CB12-FC53-4A00-9749-28B09943E250}.Debug|AnyCPU.Build.0 = Debug|Any CPU
		{B3D7CB12-FC53-4A00-9749-28B09943E250}.Release|AnyCPU.ActiveCfg = Release|Any CPU
		{B3D7CB12-FC53-4A00-9749-28B09943E250}.Release|AnyCPU.Build.0 = Release|Any CPU
		{9A62E1C6-6D8B-4FA1-85D0-5420556CF142}.Debug|AnyCPU.ActiveCfg = Debug|Any CPU
		{9A62E1C6-6D8B-4FA1-85D0-5420556CF142}.Debug|AnyCPU.Build.0 = Debug|Any CPU
		{9A62E1C6-6D8B-4FA1-85D0-5420556CF142}.Release|AnyCPU.ActiveCfg = Release|Any CPU
		{9A62E1C6-6D8B-4FA1-85D0-5420556CF142}.Release|AnyCPU.Build.0 = Release|Any CPU
		{52993647-6616-4511-B608-4C5DCF8E12BF}.Debug|AnyCPU.ActiveCfg = Debug|Any CPU
		{52993647-6616-4511-B608-4C5DCF8E12BF}.Debug|AnyCPU.Build.0 = Debug|Any CPU
		{52993647-6616-4511-B608-4C5DCF8E12BF}.Release|AnyCPU.ActiveCfg = Release|Any CPU
		{52993647-6616-4511-B608-4C5DCF8E12BF}.Release|AnyCPU.Build.0 = Release|Any CPU
		{00484447-B18D-43C2-87EE-B924F1EB18C8}.Debug|AnyCPU.ActiveCfg = Debug|Any CPU
		{00484447-B18D-43C2-87EE-B924F1EB18C8}.Debug|AnyCPU.Build.0 = Debug|Any CPU
		{00484447-B18D-43C2-87EE-B924F1EB18C8}.Release|AnyCPU.ActiveCfg = Release|Any CPU
		{00484447-B18D-43C2-87EE-B924F1EB18C8}.Release|AnyCPU.Build.0 = Release|Any CPU
		{21DFAEB1-7331-432E-A692-1D605F81DB48}.Debug|AnyCPU.ActiveCfg = Debug|x86
		{21DFAEB1-7331-432E-A692-1D605F81DB48}.Debug|AnyCPU.Build.0 = Debug|x86
		{21DFAEB1-7331-432E-A692-1D605F81DB48}.Release|AnyCPU.ActiveCfg = Release|x86
		{21DFAEB1-7331-432E-A692-1D605F81DB48}.Release|AnyCPU.Build.0 = Release|x86
		{142DE043-37DA-46F8-9474-845EA4425148}.Debug|AnyCPU.ActiveCfg = Debug|Any CPU
		{142DE043-37DA-46F8-9474-845EA4425148}.Debug|AnyCPU.Build.0 = Debug|Any CPU
		{142DE043-37DA-46F8-9474-845EA4425148}.Release|AnyCPU.ActiveCfg = Release|Any CPU
		{142DE043-37DA-46F8-9474-845EA4425148}.Release|AnyCPU.Build.0 = Release|Any CPU
		{056C21B8-8998-4949-A984-DFC2053B60C5}.Debug|AnyCPU.ActiveCfg = Debug|x86
		{056C21B8-8998-4949-A984-DFC2053B60C5}.Debug|AnyCPU.Build.0 = Debug|x86
		{056C21B8-8998-4949-A984-DFC2053B60C5}.Release|AnyCPU.ActiveCfg = Release|x86
		{056C21B8-8998-4949-A984-DFC2053B60C5}.Release|AnyCPU.Build.0 = Release|x86
		{33770CED-9B41-4ED2-BEDC-46011D506CF5}.Debug|AnyCPU.ActiveCfg = Debug|Any CPU
		{33770CED-9B41-4ED2-BEDC-46011D506CF5}.Debug|AnyCPU.Build.0 = Debug|Any CPU
		{33770CED-9B41-4ED2-BEDC-46011D506CF5}.Release|AnyCPU.ActiveCfg = Release|Any CPU
		{33770CED-9B41-4ED2-BEDC-46011D506CF5}.Release|AnyCPU.Build.0 = Release|Any CPU
		{2B452A8C-20AE-4941-933A-CBFA0678979E}.Debug|AnyCPU.ActiveCfg = Debug|Any CPU
		{2B452A8C-20AE-4941-933A-CBFA0678979E}.Debug|AnyCPU.Build.0 = Debug|Any CPU
		{2B452A8C-20AE-4941-933A-CBFA0678979E}.Release|AnyCPU.ActiveCfg = Release|Any CPU
		{2B452A8C-20AE-4941-933A-CBFA0678979E}.Release|AnyCPU.Build.0 = Release|Any CPU
		{1F06A782-AE33-4244-B3E3-6AE00252C1BF}.Debug|AnyCPU.ActiveCfg = Debug|Any CPU
		{1F06A782-AE33-4244-B3E3-6AE00252C1BF}.Debug|AnyCPU.Build.0 = Debug|Any CPU
		{1F06A782-AE33-4244-B3E3-6AE00252C1BF}.Release|AnyCPU.ActiveCfg = Release|Any CPU
		{1F06A782-AE33-4244-B3E3-6AE00252C1BF}.Release|AnyCPU.Build.0 = Release|Any CPU
		{6DF1D1C9-65CC-4664-8256-D765ED667097}.Debug|AnyCPU.ActiveCfg = Debug|x86
		{6DF1D1C9-65CC-4664-8256-D765ED667097}.Debug|AnyCPU.Build.0 = Debug|x86
		{6DF1D1C9-65CC-4664-8256-D765ED667097}.Release|AnyCPU.ActiveCfg = Release|x86
		{6DF1D1C9-65CC-4664-8256-D765ED667097}.Release|AnyCPU.Build.0 = Release|x86
		{0A856BF5-A039-4BE3-A17B-525841B7CB48}.Debug|AnyCPU.ActiveCfg = Debug|Any CPU
		{0A856BF5-A039-4BE3-A17B-525841B7CB48}.Debug|AnyCPU.Build.0 = Debug|Any CPU
		{0A856BF5-A039-4BE3-A17B-525841B7CB48}.Release|AnyCPU.ActiveCfg = Release|Any CPU
		{0A856BF5-A039-4BE3-A17B-525841B7CB48}.Release|AnyCPU.Build.0 = Release|Any CPU
		{80F0B999-5581-466B-AA6F-023B060B9E6A}.Debug|AnyCPU.ActiveCfg = Debug|Any CPU
		{80F0B999-5581-466B-AA6F-023B060B9E6A}.Debug|AnyCPU.Build.0 = Debug|Any CPU
		{80F0B999-5581-466B-AA6F-023B060B9E6A}.Release|AnyCPU.ActiveCfg = Release|Any CPU
		{80F0B999-5581-466B-AA6F-023B060B9E6A}.Release|AnyCPU.Build.0 = Release|Any CPU
		{E92AC39A-50E2-4C79-A4DC-BFC04280A54B}.Debug|AnyCPU.ActiveCfg = Debug|x86
		{E92AC39A-50E2-4C79-A4DC-BFC04280A54B}.Debug|AnyCPU.Build.0 = Debug|x86
		{E92AC39A-50E2-4C79-A4DC-BFC04280A54B}.Release|AnyCPU.ActiveCfg = Release|x86
		{E92AC39A-50E2-4C79-A4DC-BFC04280A54B}.Release|AnyCPU.Build.0 = Release|x86
		{577CF53D-25A9-4085-B6E6-014BABEA2034}.Debug|AnyCPU.ActiveCfg = Debug|x86
		{577CF53D-25A9-4085-B6E6-014BABEA2034}.Debug|AnyCPU.Build.0 = Debug|x86
		{577CF53D-25A9-4085-B6E6-014BABEA2034}.Release|AnyCPU.ActiveCfg = Release|x86
		{577CF53D-25A9-4085-B6E6-014BABEA2034}.Release|AnyCPU.Build.0 = Release|x86
		{4AF3CBE5-33D2-463C-A467-D54B4EEC9C6A}.Debug|AnyCPU.ActiveCfg = Debug|Any CPU
		{4AF3CBE5-33D2-463C-A467-D54B4EEC9C6A}.Debug|AnyCPU.Build.0 = Debug|Any CPU
		{4AF3CBE5-33D2-463C-A467-D54B4EEC9C6A}.Release|AnyCPU.ActiveCfg = Release|Any CPU
		{4AF3CBE5-33D2-463C-A467-D54B4EEC9C6A}.Release|AnyCPU.Build.0 = Release|Any CPU
		{F4CC7A8B-1DD3-44E1-BDDD-51234B1CFE6F}.Debug|AnyCPU.ActiveCfg = Debug|x86
		{F4CC7A8B-1DD3-44E1-BDDD-51234B1CFE6F}.Debug|AnyCPU.Build.0 = Debug|x86
		{F4CC7A8B-1DD3-44E1-BDDD-51234B1CFE6F}.Release|AnyCPU.ActiveCfg = Release|x86
		{F4CC7A8B-1DD3-44E1-BDDD-51234B1CFE6F}.Release|AnyCPU.Build.0 = Release|x86
		{368F02EA-0C8A-4779-A15D-DBBED9F490B2}.Debug|AnyCPU.ActiveCfg = Debug|Any CPU
		{368F02EA-0C8A-4779-A15D-DBBED9F490B2}.Debug|AnyCPU.Build.0 = Debug|Any CPU
		{368F02EA-0C8A-4779-A15D-DBBED9F490B2}.Release|AnyCPU.ActiveCfg = Release|x86
		{368F02EA-0C8A-4779-A15D-DBBED9F490B2}.Release|AnyCPU.Build.0 = Release|x86
		{F32FF7EC-E1A3-405F-8FAE-DDCC41A4EC3B}.Debug|AnyCPU.ActiveCfg = Debug|Any CPU
		{F32FF7EC-E1A3-405F-8FAE-DDCC41A4EC3B}.Debug|AnyCPU.Build.0 = Debug|Any CPU
		{F32FF7EC-E1A3-405F-8FAE-DDCC41A4EC3B}.Release|AnyCPU.ActiveCfg = Release|Any CPU
		{F32FF7EC-E1A3-405F-8FAE-DDCC41A4EC3B}.Release|AnyCPU.Build.0 = Release|Any CPU
		{B4424462-9FA9-41F0-AE22-2D6614E48253}.Debug|AnyCPU.ActiveCfg = Debug|Any CPU
		{B4424462-9FA9-41F0-AE22-2D6614E48253}.Debug|AnyCPU.Build.0 = Debug|Any CPU
		{B4424462-9FA9-41F0-AE22-2D6614E48253}.Release|AnyCPU.ActiveCfg = Release|Any CPU
		{B4424462-9FA9-41F0-AE22-2D6614E48253}.Release|AnyCPU.Build.0 = Release|Any CPU
		{270BC799-51C9-4D41-8B84-7CA16F3BE2F6}.Debug|AnyCPU.ActiveCfg = Debug|Any CPU
		{270BC799-51C9-4D41-8B84-7CA16F3BE2F6}.Debug|AnyCPU.Build.0 = Debug|Any CPU
		{270BC799-51C9-4D41-8B84-7CA16F3BE2F6}.Release|AnyCPU.ActiveCfg = Release|Any CPU
		{270BC799-51C9-4D41-8B84-7CA16F3BE2F6}.Release|AnyCPU.Build.0 = Release|Any CPU
		{583DFF91-763D-42D2-A1A9-4FCA04AFB3C6}.Debug|AnyCPU.ActiveCfg = Debug|Any CPU
		{583DFF91-763D-42D2-A1A9-4FCA04AFB3C6}.Debug|AnyCPU.Build.0 = Debug|Any CPU
		{583DFF91-763D-42D2-A1A9-4FCA04AFB3C6}.Release|AnyCPU.ActiveCfg = Release|Any CPU
		{583DFF91-763D-42D2-A1A9-4FCA04AFB3C6}.Release|AnyCPU.Build.0 = Release|Any CPU
		{0C89CC33-21D1-48DF-A043-D2437B7701E2}.Debug|AnyCPU.ActiveCfg = Debug|Any CPU
		{0C89CC33-21D1-48DF-A043-D2437B7701E2}.Debug|AnyCPU.Build.0 = Debug|Any CPU
		{0C89CC33-21D1-48DF-A043-D2437B7701E2}.Release|AnyCPU.ActiveCfg = Release|Any CPU
		{0C89CC33-21D1-48DF-A043-D2437B7701E2}.Release|AnyCPU.Build.0 = Release|Any CPU
		{8E9DDFD4-18DE-4C3E-8A5C-BAD30775B59F}.Debug|AnyCPU.ActiveCfg = Debug|x86
		{8E9DDFD4-18DE-4C3E-8A5C-BAD30775B59F}.Debug|AnyCPU.Build.0 = Debug|x86
		{8E9DDFD4-18DE-4C3E-8A5C-BAD30775B59F}.Release|AnyCPU.ActiveCfg = Release|x86
		{8E9DDFD4-18DE-4C3E-8A5C-BAD30775B59F}.Release|AnyCPU.Build.0 = Release|x86
		{D106D961-DCE7-4680-8D8C-E67BF52BB522}.Debug|AnyCPU.ActiveCfg = Debug|Any CPU
		{D106D961-DCE7-4680-8D8C-E67BF52BB522}.Debug|AnyCPU.Build.0 = Debug|Any CPU
		{D106D961-DCE7-4680-8D8C-E67BF52BB522}.Release|AnyCPU.ActiveCfg = Release|Any CPU
		{D106D961-DCE7-4680-8D8C-E67BF52BB522}.Release|AnyCPU.Build.0 = Release|Any CPU
		{0EAA9AF9-61E5-4869-B8A1-248994DBBD54}.Debug|AnyCPU.ActiveCfg = Debug|Any CPU
		{0EAA9AF9-61E5-4869-B8A1-248994DBBD54}.Debug|AnyCPU.Build.0 = Debug|Any CPU
		{0EAA9AF9-61E5-4869-B8A1-248994DBBD54}.Release|AnyCPU.ActiveCfg = Release|Any CPU
		{0EAA9AF9-61E5-4869-B8A1-248994DBBD54}.Release|AnyCPU.Build.0 = Release|Any CPU
		{21BC19E8-7E31-43B0-8018-1CA159499C0A}.Debug|AnyCPU.ActiveCfg = Debug|Any CPU
		{21BC19E8-7E31-43B0-8018-1CA159499C0A}.Debug|AnyCPU.Build.0 = Debug|Any CPU
		{21BC19E8-7E31-43B0-8018-1CA159499C0A}.Release|AnyCPU.ActiveCfg = Release|Any CPU
		{21BC19E8-7E31-43B0-8018-1CA159499C0A}.Release|AnyCPU.Build.0 = Release|Any CPU
		{BD63388C-CEE6-4BB0-A515-4A5A660E944F}.Debug|AnyCPU.ActiveCfg = Debug|Any CPU
		{BD63388C-CEE6-4BB0-A515-4A5A660E944F}.Debug|AnyCPU.Build.0 = Debug|Any CPU
		{BD63388C-CEE6-4BB0-A515-4A5A660E944F}.Release|AnyCPU.ActiveCfg = Release|Any CPU
		{BD63388C-CEE6-4BB0-A515-4A5A660E944F}.Release|AnyCPU.Build.0 = Release|Any CPU
	EndGlobalSection
	GlobalSection(SolutionProperties) = preSolution
		HideSolutionNode = FALSE
	EndGlobalSection
	GlobalSection(NestedProjects) = preSolution
		{E80B8AC9-A128-4D69-8C4B-4AB12CB7EA1D} = {F53C7875-663E-4F38-B47A-EB851C917348}
		{B64AFE83-045B-4F8A-913C-D5AA2704640D} = {CBB71BF9-AD5D-4B93-B1AF-F1727CF7F9D8}
		{FE6D3B2C-EDFB-4143-B4CF-BC5ED3B82362} = {44D75D2D-FAB8-4B18-8A5D-784F28CF32B5}
		{2AFECBAE-C343-4D37-B5B6-539738AF7129} = {06C92B2C-7BE5-48CD-B2F7-239CD49774D6}
		{BA9505D3-6A0C-4F6E-ADF3-753782367F4C} = {61736360-ABD9-4EAB-9F51-D6CBE295538B}
		{4ABE9F10-671E-4E25-9BA4-A62E19230E5D} = {03FDB259-A853-48F1-9131-3197278E07A0}
		{70A971A6-5353-47E1-96BB-2D7A63FC36D5} = {F146F1F8-691C-4E95-8612-B28C4CF09E56}
		{571DA16B-3CF8-4F22-90B1-46B836C245A9} = {61736360-ABD9-4EAB-9F51-D6CBE295538B}
		{9D464AC1-5204-4387-9E6C-03C0485FA891} = {715E3CD4-4F8F-4340-A8EF-2F38890FEED5}
		{879BBBCF-F249-4355-B65A-28249CFFD672} = {9D464AC1-5204-4387-9E6C-03C0485FA891}
		{3C2697DF-3E41-44B4-8665-84BE94785EB2} = {9D464AC1-5204-4387-9E6C-03C0485FA891}
		{E30EA59E-3863-47AE-8064-F3E8B4A6481B} = {9D464AC1-5204-4387-9E6C-03C0485FA891}
		{D977C536-FE1F-431D-A17F-C358BF874DC2} = {51247682-63E6-444B-931E-4F259CE03C11}
		{67B0A02A-E742-4ED8-8824-60CBE5F06B62} = {51247682-63E6-444B-931E-4F259CE03C11}
		{8120B478-19ED-419D-9130-DFCB25F4840A} = {51247682-63E6-444B-931E-4F259CE03C11}
		{6E0F6D80-5C47-43E2-B09A-D71CC748FBD7} = {51247682-63E6-444B-931E-4F259CE03C11}
		{548F7935-39FF-408C-BA06-36834A9B20C4} = {F146F1F8-691C-4E95-8612-B28C4CF09E56}
		{C50C7A5B-4F78-4B6F-BA11-9F03960002A2} = {F146F1F8-691C-4E95-8612-B28C4CF09E56}
		{9683E2B7-FB8D-4A4D-BE7A-B259C33F05DE} = {5D840BF1-479F-4DF6-A300-D3A5B3042194}
		{3A4FD088-490E-4263-85CC-858536695200} = {576B7CC5-7CFE-423F-AC54-1B0793D7F562}
		{F4CC7A8B-1DD3-44E1-B31D-5B316B1CFE6F} = {576B7CC5-7CFE-423F-AC54-1B0793D7F562}
		{821CB87E-F246-45C0-9D74-8EBCC43F024E} = {06C92B2C-7BE5-48CD-B2F7-239CD49774D6}
		{B3D7CB12-FC53-4A00-9749-28B09943E250} = {2C5BA1D8-D1EC-492E-9E71-17FB2D41C93D}
		{9A62E1C6-6D8B-4FA1-85D0-5420556CF142} = {2C5BA1D8-D1EC-492E-9E71-17FB2D41C93D}
		{52993647-6616-4511-B608-4C5DCF8E12BF} = {2C5BA1D8-D1EC-492E-9E71-17FB2D41C93D}
		{00484447-B18D-43C2-87EE-B924F1EB18C8} = {2C5BA1D8-D1EC-492E-9E71-17FB2D41C93D}
		{142DE043-37DA-46F8-9474-845EA4425148} = {F53C7875-663E-4F38-B47A-EB851C917348}
		{056C21B8-8998-4949-A984-DFC2053B60C5} = {06C92B2C-7BE5-48CD-B2F7-239CD49774D6}
		{33770CED-9B41-4ED2-BEDC-46011D506CF5} = {03FDB259-A853-48F1-9131-3197278E07A0}
		{2B452A8C-20AE-4941-933A-CBFA0678979E} = {44D75D2D-FAB8-4B18-8A5D-784F28CF32B5}
		{CFDA9996-E691-45C3-9243-0A624DE7E0C4} = {9D464AC1-5204-4387-9E6C-03C0485FA891}
		{1F06A782-AE33-4244-B3E3-6AE00252C1BF} = {03FDB259-A853-48F1-9131-3197278E07A0}
		{6DF1D1C9-65CC-4664-8256-D765ED667097} = {F146F1F8-691C-4E95-8612-B28C4CF09E56}
		{0A856BF5-A039-4BE3-A17B-525841B7CB48} = {444521A3-231C-4CDB-842C-666F239DC19B}
		{80F0B999-5581-466B-AA6F-023B060B9E6A} = {444521A3-231C-4CDB-842C-666F239DC19B}
		{E92AC39A-50E2-4C79-A4DC-BFC04280A54B} = {5D840BF1-479F-4DF6-A300-D3A5B3042194}
		{577CF53D-25A9-4085-B6E6-014BABEA2034} = {576B7CC5-7CFE-423F-AC54-1B0793D7F562}
		{4AF3CBE5-33D2-463C-A467-D54B4EEC9C6A} = {D522AE8F-84AB-47A5-9136-1C954052108D}
		{F4CC7A8B-1DD3-44E1-BDDD-51234B1CFE6F} = {576B7CC5-7CFE-423F-AC54-1B0793D7F562}
		{368F02EA-0C8A-4779-A15D-DBBED9F490B2} = {576B7CC5-7CFE-423F-AC54-1B0793D7F562}
		{F146F1F8-691C-4E95-8612-B28C4CF09E56} = {4B7C8C54-8918-48C9-9091-ABB829894EC5}
		{444521A3-231C-4CDB-842C-666F239DC19B} = {4B7C8C54-8918-48C9-9091-ABB829894EC5}
		{D522AE8F-84AB-47A5-9136-1C954052108D} = {4B7C8C54-8918-48C9-9091-ABB829894EC5}
		{ACEF954E-11FA-417F-9BCC-5BFD5EAB725E} = {4B7C8C54-8918-48C9-9091-ABB829894EC5}
		{5D840BF1-479F-4DF6-A300-D3A5B3042194} = {35C80DE3-ED8B-4C8E-A265-9561D4D026FA}
		{2C5BA1D8-D1EC-492E-9E71-17FB2D41C93D} = {35C80DE3-ED8B-4C8E-A265-9561D4D026FA}
		{F32FF7EC-E1A3-405F-8FAE-DDCC41A4EC3B} = {576B7CC5-7CFE-423F-AC54-1B0793D7F562}
		{B4424462-9FA9-41F0-AE22-2D6614E48253} = {03FDB259-A853-48F1-9131-3197278E07A0}
		{270BC799-51C9-4D41-8B84-7CA16F3BE2F6} = {44D75D2D-FAB8-4B18-8A5D-784F28CF32B5}
		{583DFF91-763D-42D2-A1A9-4FCA04AFB3C6} = {61736360-ABD9-4EAB-9F51-D6CBE295538B}
		{0C89CC33-21D1-48DF-A043-D2437B7701E2} = {06C92B2C-7BE5-48CD-B2F7-239CD49774D6}
		{CBB71BF9-AD5D-4B93-B1AF-F1727CF7F9D8} = {B1BADED0-F061-47B4-9272-4BFB6F636573}
		{03FDB259-A853-48F1-9131-3197278E07A0} = {B1BADED0-F061-47B4-9272-4BFB6F636573}
		{06C92B2C-7BE5-48CD-B2F7-239CD49774D6} = {B1BADED0-F061-47B4-9272-4BFB6F636573}
		{51247682-63E6-444B-931E-4F259CE03C11} = {CBB71BF9-AD5D-4B93-B1AF-F1727CF7F9D8}
		{8E9DDFD4-18DE-4C3E-8A5C-BAD30775B59F} = {576B7CC5-7CFE-423F-AC54-1B0793D7F562}
		{D106D961-DCE7-4680-8D8C-E67BF52BB522} = {61736360-ABD9-4EAB-9F51-D6CBE295538B}
		{0EAA9AF9-61E5-4869-B8A1-248994DBBD54} = {06C92B2C-7BE5-48CD-B2F7-239CD49774D6}
		{44D75D2D-FAB8-4B18-8A5D-784F28CF32B5} = {03FDB259-A853-48F1-9131-3197278E07A0}
		{F53C7875-663E-4F38-B47A-EB851C917348} = {5D840BF1-479F-4DF6-A300-D3A5B3042194}
		{61736360-ABD9-4EAB-9F51-D6CBE295538B} = {5D840BF1-479F-4DF6-A300-D3A5B3042194}
		{21BC19E8-7E31-43B0-8018-1CA159499C0A} = {F53C7875-663E-4F38-B47A-EB851C917348}
		{BD63388C-CEE6-4BB0-A515-4A5A660E944F} = {F53C7875-663E-4F38-B47A-EB851C917348}
	EndGlobalSection
	GlobalSection(TestCaseManagementSettings) = postSolution
		CategoryFile = KSPDIGT.v21.vsmdi
	EndGlobalSection
EndGlobal
